
Microsoft Visual Studio Solution File, Format Version 12.00
# Visual Studio Express 15 for Windows Desktop
VisualStudioVersion = 15.0.28307.421
MinimumVisualStudioVersion = 10.0.40219.1
Project("{8BC9CEB8-8B4A-11D0-8D11-00A0C91BC942}") = "odellro_d4", "odellro_d4\odellro_d4.vcxproj", "{AB60136B-8399-4793-8EAD-D6AA490B1D53}"
EndProject
Global
	GlobalSection(SolutionConfigurationPlatforms) = preSolution
		Debug|x64 = Debug|x64
		Debug|x86 = Debug|x86
		Release|x64 = Release|x64
		Release|x86 = Release|x86
	EndGlobalSection
	GlobalSection(ProjectConfigurationPlatforms) = postSolution
		{AB60136B-8399-4793-8EAD-D6AA490B1D53}.Debug|x64.ActiveCfg = Debug|x64
		{AB60136B-8399-4793-8EAD-D6AA490B1D53}.Debug|x64.Build.0 = Debug|x64
		{AB60136B-8399-4793-8EAD-D6AA490B1D53}.Debug|x86.ActiveCfg = Debug|Win32
		{AB60136B-8399-4793-8EAD-D6AA490B1D53}.Debug|x86.Build.0 = Debug|Win32
		{AB60136B-8399-4793-8EAD-D6AA490B1D53}.Release|x64.ActiveCfg = Release|x64
		{AB60136B-8399-4793-8EAD-D6AA490B1D53}.Release|x64.Build.0 = Release|x64
		{AB60136B-8399-4793-8EAD-D6AA490B1D53}.Release|x86.ActiveCfg = Release|Win32
		{AB60136B-8399-4793-8EAD-D6AA490B1D53}.Release|x86.Build.0 = Release|Win32
	EndGlobalSection
	GlobalSection(SolutionProperties) = preSolution
		HideSolutionNode = FALSE
	EndGlobalSection
	GlobalSection(ExtensibilityGlobals) = postSolution
		SolutionGuid = {7DA4EFF5-2AAB-43A5-AB1F-C453BDF75D9B}
	EndGlobalSection
EndGlobal
