<?xml version="1.0" encoding="utf-8"?>
<Project ToolsVersion="4.0" xmlns="http://schemas.microsoft.com/developer/msbuild/2003">
  <ItemGroup>
    <Filter Include="소스 파일">
      <UniqueIdentifier>{4FC737F1-C7A5-4376-A066-2A32D752A2FF}</UniqueIdentifier>
      <Extensions>cpp;c;cc;cxx;def;odl;idl;hpj;bat;asm;asmx</Extensions>
    </Filter>
    <Filter Include="헤더 파일">
      <UniqueIdentifier>{93995380-89BD-4b04-88EB-625FBE52EBFB}</UniqueIdentifier>
      <Extensions>h;hh;hpp;hxx;hm;inl;inc;ipp;xsd</Extensions>
    </Filter>
    <Filter Include="리소스 파일">
      <UniqueIdentifier>{67DA6AB6-F800-4c08-8B7A-83BB121AAD01}</UniqueIdentifier>
      <Extensions>rc;ico;cur;bmp;dlg;rc2;rct;bin;rgs;gif;jpg;jpeg;jpe;resx;tiff;tif;png;wav;mfcribbon-ms</Extensions>
    </Filter>
    <Filter Include="리소스 파일\해결 목록">
      <UniqueIdentifier>{11cce09b-98f7-4e22-9d99-89bf6d64ac9a}</UniqueIdentifier>
    </Filter>
    <Filter Include="소스 파일\완료 코드">
      <UniqueIdentifier>{4bff2ebf-358d-41b2-832b-99ae77262587}</UniqueIdentifier>
    </Filter>
  </ItemGroup>
  <ItemGroup>
    <ClCompile Include="test.cpp">
      <Filter>소스 파일</Filter>
    </ClCompile>
    <ClCompile Include="sort.cpp">
      <Filter>소스 파일</Filter>
    </ClCompile>
    <ClCompile Include="건물세우기.cpp">
      <Filter>소스 파일\완료 코드</Filter>
    </ClCompile>
    <ClCompile Include="건물세우기_재귀.cpp">
      <Filter>소스 파일\완료 코드</Filter>
    </ClCompile>
    <ClCompile Include="나무_자르기.cpp">
      <Filter>소스 파일\완료 코드</Filter>
    </ClCompile>
    <ClCompile Include="단지_번호붙이기.cpp">
      <Filter>소스 파일\완료 코드</Filter>
    </ClCompile>
    <ClCompile Include="더하기.cpp">
      <Filter>소스 파일\완료 코드</Filter>
    </ClCompile>
    <ClCompile Include="도약.cpp">
      <Filter>소스 파일\완료 코드</Filter>
    </ClCompile>
    <ClCompile Include="숫자 찾기.cpp">
      <Filter>소스 파일\완료 코드</Filter>
    </ClCompile>
    <ClCompile Include="숫자 카운팅.cpp">
      <Filter>소스 파일\완료 코드</Filter>
    </ClCompile>
    <ClCompile Include="예산.cpp">
      <Filter>소스 파일\완료 코드</Filter>
    </ClCompile>
    <ClCompile Include="주사위_던지기2.cpp">
      <Filter>소스 파일\완료 코드</Filter>
    </ClCompile>
    <ClCompile Include="최소 비용으로 포장 다시 하기.cpp">
      <Filter>소스 파일\완료 코드</Filter>
    </ClCompile>
    <ClCompile Include="최소의_합.cpp">
      <Filter>소스 파일\완료 코드</Filter>
    </ClCompile>
    <ClCompile Include="temp.cpp">
      <Filter>소스 파일</Filter>
    </ClCompile>
    <ClCompile Include="장기.cpp">
      <Filter>소스 파일\완료 코드</Filter>
    </ClCompile>
    <ClCompile Include="퍼킷.cpp">
      <Filter>소스 파일\완료 코드</Filter>
    </ClCompile>
    <ClCompile Include="테이프_이어_붙이기.cpp">
      <Filter>소스 파일\완료 코드</Filter>
    </ClCompile>
    <ClCompile Include="자동차경주대회.cpp">
      <Filter>소스 파일\완료 코드</Filter>
    </ClCompile>
    <ClCompile Include="N_QUEEN.cpp">
      <Filter>소스 파일\완료 코드</Filter>
    </ClCompile>
    <ClCompile Include="토마토.cpp">
      <Filter>소스 파일\완료 코드</Filter>
    </ClCompile>
    <ClCompile Include="파이프_제거.cpp">
      <Filter>소스 파일\완료 코드</Filter>
    </ClCompile>
    <ClCompile Include="미술관람_대회.cpp">
      <Filter>소스 파일\완료 코드</Filter>
    </ClCompile>
    <ClCompile Include="로봇_과자_먹기.cpp">
      <Filter>소스 파일\완료 코드</Filter>
    </ClCompile>
    <ClCompile Include="도자기.cpp">
      <Filter>소스 파일\완료 코드</Filter>
    </ClCompile>
    <ClCompile Include="양팔저울.cpp">
      <Filter>소스 파일\완료 코드</Filter>
    </ClCompile>
    <ClCompile Include="상자_포장하기.cpp">
      <Filter>소스 파일\완료 코드</Filter>
    </ClCompile>
    <ClCompile Include="주사위_던지기1.cpp">
      <Filter>소스 파일</Filter>
    </ClCompile>
  </ItemGroup>
  <ItemGroup>
    <Text Include="건물세우기.txt">
      <Filter>리소스 파일\해결 목록</Filter>
    </Text>
    <Text Include="나무_자르기.txt">
      <Filter>리소스 파일\해결 목록</Filter>
    </Text>
    <Text Include="단지_번호붙이기.txt">
      <Filter>리소스 파일\해결 목록</Filter>
    </Text>
    <Text Include="더하기.txt">
      <Filter>리소스 파일\해결 목록</Filter>
    </Text>
    <Text Include="도약.txt">
      <Filter>리소스 파일\해결 목록</Filter>
    </Text>
    <Text Include="미로.txt">
      <Filter>리소스 파일\해결 목록</Filter>
    </Text>
    <Text Include="숫자 찾기.txt">
      <Filter>리소스 파일\해결 목록</Filter>
    </Text>
    <Text Include="숫자 카운팅.txt">
      <Filter>리소스 파일\해결 목록</Filter>
    </Text>
    <Text Include="예산.txt">
      <Filter>리소스 파일\해결 목록</Filter>
    </Text>
    <Text Include="주사위_던지기2.txt">
      <Filter>리소스 파일\해결 목록</Filter>
    </Text>
    <Text Include="최소비용으로포장다시하기_input.txt">
      <Filter>리소스 파일\해결 목록</Filter>
    </Text>
    <Text Include="최소의_합.txt">
      <Filter>리소스 파일\해결 목록</Filter>
    </Text>
    <Text Include="소시지_공장.txt">
      <Filter>리소스 파일\해결 목록</Filter>
    </Text>
    <Text Include="장기.txt">
      <Filter>리소스 파일\해결 목록</Filter>
    </Text>
    <Text Include="책꽂이.txt">
      <Filter>리소스 파일\해결 목록</Filter>
    </Text>
    <Text Include="책꽃이.cpp">
      <Filter>소스 파일\완료 코드</Filter>
    </Text>
    <Text Include="퍼킷.txt">
      <Filter>리소스 파일\해결 목록</Filter>
    </Text>
    <Text Include="테이프_이어_붙이기.txt">
      <Filter>리소스 파일\해결 목록</Filter>
    </Text>
    <Text Include="자동차경주대회.txt">
      <Filter>리소스 파일\해결 목록</Filter>
    </Text>
    <Text Include="N_QUEEN.txt">
      <Filter>리소스 파일\해결 목록</Filter>
    </Text>
    <Text Include="토마토.txt">
      <Filter>리소스 파일\해결 목록</Filter>
    </Text>
    <Text Include="파이프_제거.txt">
      <Filter>리소스 파일\해결 목록</Filter>
    </Text>
    <Text Include="미술관람_대회.txt">
      <Filter>리소스 파일\해결 목록</Filter>
    </Text>
    <Text Include="로봇_과자_먹기.txt">
      <Filter>리소스 파일\해결 목록</Filter>
    </Text>
    <Text Include="도자기.txt">
      <Filter>리소스 파일\해결 목록</Filter>
    </Text>
    <Text Include="양팔저울.txt">
      <Filter>리소스 파일\해결 목록</Filter>
    </Text>
    <Text Include="상자_포장하기.txt">
      <Filter>리소스 파일\해결 목록</Filter>
    </Text>
    <Text Include="주사위_던지기1.txt">
      <Filter>리소스 파일</Filter>
    </Text>
  </ItemGroup>
</Project>